
Microsoft Visual Studio Solution File, Format Version 12.00
# Visual Studio Version 17
VisualStudioVersion = 17.0.31808.319
MinimumVisualStudioVersion = 10.0.40219.1
Project("{FAE04EC0-301F-11D3-BF4B-00C04F79EFBC}") = "JustPractice001", "JustPractice001\JustPractice001.csproj", "{910F491A-983D-476A-A807-4E06123EF8FA}"
EndProject
Project("{FAE04EC0-301F-11D3-BF4B-00C04F79EFBC}") = "FileMover", "FileMover\FileMover.csproj", "{3FE73D35-66C8-4B78-A214-F195CB10755D}"
EndProject
Global
	GlobalSection(SolutionConfigurationPlatforms) = preSolution
		Debug|Any CPU = Debug|Any CPU
		Release|Any CPU = Release|Any CPU
	EndGlobalSection
	GlobalSection(ProjectConfigurationPlatforms) = postSolution
		{910F491A-983D-476A-A807-4E06123EF8FA}.Debug|Any CPU.ActiveCfg = Debug|Any CPU
		{910F491A-983D-476A-A807-4E06123EF8FA}.Debug|Any CPU.Build.0 = Debug|Any CPU
		{910F491A-983D-476A-A807-4E06123EF8FA}.Release|Any CPU.ActiveCfg = Release|Any CPU
		{910F491A-983D-476A-A807-4E06123EF8FA}.Release|Any CPU.Build.0 = Release|Any CPU
		{3FE73D35-66C8-4B78-A214-F195CB10755D}.Debug|Any CPU.ActiveCfg = Debug|Any CPU
		{3FE73D35-66C8-4B78-A214-F195CB10755D}.Debug|Any CPU.Build.0 = Debug|Any CPU
		{3FE73D35-66C8-4B78-A214-F195CB10755D}.Release|Any CPU.ActiveCfg = Release|Any CPU
		{3FE73D35-66C8-4B78-A214-F195CB10755D}.Release|Any CPU.Build.0 = Release|Any CPU
	EndGlobalSection
	GlobalSection(SolutionProperties) = preSolution
		HideSolutionNode = FALSE
	EndGlobalSection
	GlobalSection(ExtensibilityGlobals) = postSolution
		SolutionGuid = {D5224DFE-C20A-4BFA-91A1-3611BDA67226}
	EndGlobalSection
EndGlobal
